Microsoft Visual Studio Solution File, Format Version 12.00
# Visual Studio Version 17
VisualStudioVersion = 17.14.36310.24
MinimumVisualStudioVersion = 10.0.40219.1
Project("{FAE04EC0-301F-11D3-BF4B-00C04F79EFBC}") = "ClickPay", "ClickPay\ClickPay.csproj", "{AF38E475-0867-4151-B48A-D788E55504AA}"
EndProject
Project("{FAE04EC0-301F-11D3-BF4B-00C04F79EFBC}") = "ClickPay.Shared", "ClickPay.Shared\ClickPay.Shared.csproj", "{F89F50B3-64C1-4FE2-A9F9-DD14FC258292}"
EndProject
Project("{FAE04EC0-301F-11D3-BF4B-00C04F79EFBC}") = "ClickPay.Web", "ClickPay.Web\ClickPay.Web.csproj", "{B7BDBCA4-8ECC-49AA-9A88-B7063C07EFE4}"
EndProject
Project("{FAE04EC0-301F-11D3-BF4B-00C04F79EFBC}") = "ClickPay.Wallet.Core.Tests", "ClickPay.Wallet.Core.Tests\ClickPay.Wallet.Core.Tests.csproj", "{38F57A39-3A37-4C91-A53C-CBEC8C1A3F5F}"
EndProject
Project("{FAE04EC0-301F-11D3-BF4B-00C04F79EFBC}") = "SolanaEurcSimulation", "Simulations\SolanaEurcSimulation\SolanaEurcSimulation.csproj", "{CFE4B3C0-007B-4DAA-92DA-4DAE4363A360}"
EndProject
Project("{FAE04EC0-301F-11D3-BF4B-00C04F79EFBC}") = "ClickPay.Wallet.Core", "ClickPay.Wallet.Core\ClickPay.Wallet.Core.csproj", "{04D6E369-D0A6-7654-96A4-1131F51ED1C2}"
EndProject
Project("{2150E333-8FDC-42A3-9474-1A3956D46DE8}") = "Elementi di soluzione", "Elementi di soluzione", "{9DF70304-0A22-CE1E-AA12-D5904EE55694}"
EndProject
Project("{FAE04EC0-301F-11D3-BF4B-00C04F79EFBC}") = "ClickPayServer", "ClickPayServer\ClickPayServer.csproj", "{C6E26320-3E41-2426-9978-A4DBBB181C2B}"
EndProject
Global
	GlobalSection(SolutionConfigurationPlatforms) = preSolution
		Debug|Any CPU = Debug|Any CPU
		Release|Any CPU = Release|Any CPU
	EndGlobalSection
	GlobalSection(ProjectConfigurationPlatforms) = postSolution
		{AF38E475-0867-4151-B48A-D788E55504AA}.Debug|Any CPU.ActiveCfg = Debug|Any CPU
		{AF38E475-0867-4151-B48A-D788E55504AA}.Debug|Any CPU.Build.0 = Debug|Any CPU
		{AF38E475-0867-4151-B48A-D788E55504AA}.Debug|Any CPU.Deploy.0 = Debug|Any CPU
		{AF38E475-0867-4151-B48A-D788E55504AA}.Release|Any CPU.ActiveCfg = Release|Any CPU
		{AF38E475-0867-4151-B48A-D788E55504AA}.Release|Any CPU.Build.0 = Release|Any CPU
		{F89F50B3-64C1-4FE2-A9F9-DD14FC258292}.Debug|Any CPU.ActiveCfg = Debug|Any CPU
		{F89F50B3-64C1-4FE2-A9F9-DD14FC258292}.Debug|Any CPU.Build.0 = Debug|Any CPU
		{F89F50B3-64C1-4FE2-A9F9-DD14FC258292}.Release|Any CPU.ActiveCfg = Release|Any CPU
		{F89F50B3-64C1-4FE2-A9F9-DD14FC258292}.Release|Any CPU.Build.0 = Release|Any CPU
		{B7BDBCA4-8ECC-49AA-9A88-B7063C07EFE4}.Debug|Any CPU.ActiveCfg = Debug|Any CPU
		{B7BDBCA4-8ECC-49AA-9A88-B7063C07EFE4}.Debug|Any CPU.Build.0 = Debug|Any CPU
		{B7BDBCA4-8ECC-49AA-9A88-B7063C07EFE4}.Release|Any CPU.ActiveCfg = Release|Any CPU
		{B7BDBCA4-8ECC-49AA-9A88-B7063C07EFE4}.Release|Any CPU.Build.0 = Release|Any CPU
		{38F57A39-3A37-4C91-A53C-CBEC8C1A3F5F}.Debug|Any CPU.ActiveCfg = Debug|Any CPU
		{38F57A39-3A37-4C91-A53C-CBEC8C1A3F5F}.Debug|Any CPU.Build.0 = Debug|Any CPU
		{38F57A39-3A37-4C91-A53C-CBEC8C1A3F5F}.Release|Any CPU.ActiveCfg = Release|Any CPU
		{38F57A39-3A37-4C91-A53C-CBEC8C1A3F5F}.Release|Any CPU.Build.0 = Release|Any CPU
		{CFE4B3C0-007B-4DAA-92DA-4DAE4363A360}.Debug|Any CPU.ActiveCfg = Debug|Any CPU
		{CFE4B3C0-007B-4DAA-92DA-4DAE4363A360}.Debug|Any CPU.Build.0 = Debug|Any CPU
		{CFE4B3C0-007B-4DAA-92DA-4DAE4363A360}.Release|Any CPU.ActiveCfg = Release|Any CPU
		{CFE4B3C0-007B-4DAA-92DA-4DAE4363A360}.Release|Any CPU.Build.0 = Release|Any CPU
		{04D6E369-D0A6-7654-96A4-1131F51ED1C2}.Debug|Any CPU.ActiveCfg = Debug|Any CPU
		{04D6E369-D0A6-7654-96A4-1131F51ED1C2}.Debug|Any CPU.Build.0 = Debug|Any CPU
		{04D6E369-D0A6-7654-96A4-1131F51ED1C2}.Release|Any CPU.ActiveCfg = Release|Any CPU
		{04D6E369-D0A6-7654-96A4-1131F51ED1C2}.Release|Any CPU.Build.0 = Release|Any CPU
		{C6E26320-3E41-2426-9978-A4DBBB181C2B}.Debug|Any CPU.ActiveCfg = Debug|Any CPU
		{C6E26320-3E41-2426-9978-A4DBBB181C2B}.Debug|Any CPU.Build.0 = Debug|Any CPU
		{C6E26320-3E41-2426-9978-A4DBBB181C2B}.Release|Any CPU.ActiveCfg = Release|Any CPU
		{C6E26320-3E41-2426-9978-A4DBBB181C2B}.Release|Any CPU.Build.0 = Release|Any CPU
	EndGlobalSection
	GlobalSection(SolutionProperties) = preSolution
		HideSolutionNode = FALSE
	EndGlobalSection
	GlobalSection(ExtensibilityGlobals) = postSolution
		SolutionGuid = {7CEEFDD0-EDA4-45DA-95CC-D159C97C9839}
	EndGlobalSection
EndGlobal
